
Microsoft Visual Studio Solution File, Format Version 12.00
# Visual Studio Version 17
VisualStudioVersion = 17.10.35013.160
MinimumVisualStudioVersion = 10.0.40219.1
Project("{9A19103F-16F7-4668-BE54-9A1E7A4F7556}") = "CustomerUI", "CustomerUI.csproj", "{C53B8457-3F34-4913-86DF-20D87C083620}"
EndProject
Global
	GlobalSection(SolutionConfigurationPlatforms) = preSolution
		Debug|Any CPU = Debug|Any CPU
		Release|Any CPU = Release|Any CPU
	EndGlobalSection
	GlobalSection(ProjectConfigurationPlatforms) = postSolution
		{C53B8457-3F34-4913-86DF-20D87C083620}.Debug|Any CPU.ActiveCfg = Debug|Any CPU
		{C53B8457-3F34-4913-86DF-20D87C083620}.Debug|Any CPU.Build.0 = Debug|Any CPU
		{C53B8457-3F34-4913-86DF-20D87C083620}.Release|Any CPU.ActiveCfg = Release|Any CPU
		{C53B8457-3F34-4913-86DF-20D87C083620}.Release|Any CPU.Build.0 = Release|Any CPU
	EndGlobalSection
	GlobalSection(SolutionProperties) = preSolution
		HideSolutionNode = FALSE
	EndGlobalSection
	GlobalSection(ExtensibilityGlobals) = postSolution
		SolutionGuid = {2B3BB303-3AFB-45CA-A634-ADDCBD748CB9}
	EndGlobalSection
EndGlobal
